<?xml version="1.0" encoding="utf-8"?>
<Project ToolsVersion="4.0" xmlns="http://schemas.microsoft.com/developer/msbuild/2003">
  <ItemGroup>
    <Filter Include="源文件">
      <UniqueIdentifier>{4FC737F1-C7A5-4376-A066-2A32D752A2FF}</UniqueIdentifier>
      <Extensions>cpp;c;cc;cxx;def;odl;idl;hpj;bat;asm;asmx</Extensions>
    </Filter>
    <Filter Include="头文件">
      <UniqueIdentifier>{93995380-89BD-4b04-88EB-625FBE52EBFB}</UniqueIdentifier>
      <Extensions>h;hh;hpp;hxx;hm;inl;inc;ipp;xsd</Extensions>
    </Filter>
    <Filter Include="资源文件">
      <UniqueIdentifier>{67DA6AB6-F800-4c08-8B7A-83BB121AAD01}</UniqueIdentifier>
      <Extensions>rc;ico;cur;bmp;dlg;rc2;rct;bin;rgs;gif;jpg;jpeg;jpe;resx;tiff;tif;png;wav;mfcribbon-ms</Extensions>
    </Filter>
    <Filter Include="头文件\console">
      <UniqueIdentifier>{ece479dc-43a7-4da0-aa1e-a773d6fb6364}</UniqueIdentifier>
    </Filter>
    <Filter Include="头文件\probe">
      <UniqueIdentifier>{cc9a2c0f-62e6-40a5-89f3-95c6152575bf}</UniqueIdentifier>
    </Filter>
    <Filter Include="源文件\probe">
      <UniqueIdentifier>{22384849-8f23-493a-a158-21a231d13aab}</UniqueIdentifier>
    </Filter>
  </ItemGroup>
  <ItemGroup>
    <ClCompile Include="main.cc">
      <Filter>源文件</Filter>
    </ClCompile>
    <ClCompile Include="resolve.cc">
      <Filter>源文件</Filter>
    </ClCompile>
    <ClCompile Include="probe\elf.cc">
      <Filter>源文件\probe</Filter>
    </ClCompile>
    <ClCompile Include="probe\pe.cc">
      <Filter>源文件\probe</Filter>
    </ClCompile>
    <ClCompile Include="probe\probe.cc">
      <Filter>源文件\probe</Filter>
    </ClCompile>
    <ClCompile Include="probe\magic.cc">
      <Filter>源文件\probe</Filter>
    </ClCompile>
    <ClCompile Include="probe\zip.cc">
      <Filter>源文件\probe</Filter>
    </ClCompile>
    <ClCompile Include="probe\macho.cc">
      <Filter>源文件\probe</Filter>
    </ClCompile>
    <ClCompile Include="probe\binexeobj.cc">
      <Filter>源文件\probe</Filter>
    </ClCompile>
    <ClCompile Include="probe\archive.cc">
      <Filter>源文件\probe</Filter>
    </ClCompile>
    <ClCompile Include="probe\docs.cc">
      <Filter>源文件\probe</Filter>
    </ClCompile>
    <ClCompile Include="probe\image.cc">
      <Filter>源文件\probe</Filter>
    </ClCompile>
    <ClCompile Include="probe\convertutf.cc">
      <Filter>源文件\probe</Filter>
    </ClCompile>
  </ItemGroup>
  <ItemGroup>
    <ClInclude Include="resolve.hpp">
      <Filter>头文件</Filter>
    </ClInclude>
    <ClInclude Include="console\adapter.hpp">
      <Filter>头文件\console</Filter>
    </ClInclude>
    <ClInclude Include="console\adapter.ipp">
      <Filter>头文件\console</Filter>
    </ClInclude>
    <ClInclude Include="console\console.hpp">
      <Filter>头文件\console</Filter>
    </ClInclude>
    <ClInclude Include="probe\probe.hpp">
      <Filter>头文件\probe</Filter>
    </ClInclude>
    <ClInclude Include="probe\details.hpp">
      <Filter>头文件\probe</Filter>
    </ClInclude>
    <ClInclude Include="probe\elf.h">
      <Filter>头文件\probe</Filter>
    </ClInclude>
    <ClInclude Include="probe\includes.hpp">
      <Filter>头文件\probe</Filter>
    </ClInclude>
    <ClInclude Include="probe\coff.hpp">
      <Filter>头文件\probe</Filter>
    </ClInclude>
    <ClInclude Include="probe\memview.hpp">
      <Filter>头文件\probe</Filter>
    </ClInclude>
    <ClInclude Include="probe\macho.hpp">
      <Filter>头文件\probe</Filter>
    </ClInclude>
    <ClInclude Include="probe\probe_fwd.hpp">
      <Filter>头文件\probe</Filter>
    </ClInclude>
  </ItemGroup>
</Project>